// !$*UTF8*$!
{
	archiveVersion = 1;
	classes = {
	};
	objectVersion = 55;
	objects = {

/* Begin PBXBuildFile section */
		14DFF79228D7DF94006204A0 /* WhatsappCApp.swift in Sources */ = {isa = PBXBuildFile; fileRef = 14DFF78228D7DF92006204A0 /* WhatsappCApp.swift */; };
		14DFF79328D7DF94006204A0 /* WhatsappCApp.swift in Sources */ = {isa = PBXBuildFile; fileRef = 14DFF78228D7DF92006204A0 /* WhatsappCApp.swift */; };
		14DFF79428D7DF94006204A0 /* ContentView.swift in Sources */ = {isa = PBXBuildFile; fileRef = 14DFF78328D7DF92006204A0 /* ContentView.swift */; };
		14DFF79528D7DF94006204A0 /* ContentView.swift in Sources */ = {isa = PBXBuildFile; fileRef = 14DFF78328D7DF92006204A0 /* ContentView.swift */; };
		14DFF79628D7DF94006204A0 /* Assets.xcassets in Resources */ = {isa = PBXBuildFile; fileRef = 14DFF78428D7DF94006204A0 /* Assets.xcassets */; };
		14DFF79728D7DF94006204A0 /* Assets.xcassets in Resources */ = {isa = PBXBuildFile; fileRef = 14DFF78428D7DF94006204A0 /* Assets.xcassets */; };
		14DFF7A828D7E075006204A0 /* RegistrationView.swift in Sources */ = {isa = PBXBuildFile; fileRef = 14DFF7A728D7E075006204A0 /* RegistrationView.swift */; };
		14DFF7AA28D7E080006204A0 /* LoginView.swift in Sources */ = {isa = PBXBuildFile; fileRef = 14DFF7A928D7E080006204A0 /* LoginView.swift */; };
		14DFF7AC28D7E886006204A0 /* CustomTextField.swift in Sources */ = {isa = PBXBuildFile; fileRef = 14DFF7AB28D7E886006204A0 /* CustomTextField.swift */; };
		7E01BD5B28D8AA8800DC1B87 /* MainTabView.swift in Sources */ = {isa = PBXBuildFile; fileRef = 7E01BD5A28D8AA8800DC1B87 /* MainTabView.swift */; };
		7E01BD6028D8AB5500DC1B87 /* ChannelsView.swift in Sources */ = {isa = PBXBuildFile; fileRef = 7E01BD5F28D8AB5500DC1B87 /* ChannelsView.swift */; };
		7E01BD6228D8AB7D00DC1B87 /* SettingsView.swift in Sources */ = {isa = PBXBuildFile; fileRef = 7E01BD6128D8AB7D00DC1B87 /* SettingsView.swift */; };
		7E01BD6428D8AB9000DC1B87 /* ChatView.swift in Sources */ = {isa = PBXBuildFile; fileRef = 7E01BD6328D8AB9000DC1B87 /* ChatView.swift */; };
		7E01BD6728D8ABBB00DC1B87 /* ConversationsView.swift in Sources */ = {isa = PBXBuildFile; fileRef = 7E01BD6628D8ABBB00DC1B87 /* ConversationsView.swift */; };
		7E01BD6A28D8B57D00DC1B87 /* SettingsHeaderView.swift in Sources */ = {isa = PBXBuildFile; fileRef = 7E01BD6928D8B57D00DC1B87 /* SettingsHeaderView.swift */; };
		7E01BD6C28D8B63A00DC1B87 /* SettingsCell.swift in Sources */ = {isa = PBXBuildFile; fileRef = 7E01BD6B28D8B63A00DC1B87 /* SettingsCell.swift */; };
		7E01BD6F28D8B8E400DC1B87 /* SettingsCellViewModel.swift in Sources */ = {isa = PBXBuildFile; fileRef = 7E01BD6E28D8B8E400DC1B87 /* SettingsCellViewModel.swift */; };
		7E01BD7128D8CDB700DC1B87 /* EditProfileView.swift in Sources */ = {isa = PBXBuildFile; fileRef = 7E01BD7028D8CDB700DC1B87 /* EditProfileView.swift */; };
		7E01BD7328D8EDB300DC1B87 /* StatusSelectorView.swift in Sources */ = {isa = PBXBuildFile; fileRef = 7E01BD7228D8EDB300DC1B87 /* StatusSelectorView.swift */; };
		7E01BD7528D8F17600DC1B87 /* StatusViewModel.swift in Sources */ = {isa = PBXBuildFile; fileRef = 7E01BD7428D8F17600DC1B87 /* StatusViewModel.swift */; };
		7E01BD7728D8F61000DC1B87 /* ImagePicker.swift in Sources */ = {isa = PBXBuildFile; fileRef = 7E01BD7628D8F61000DC1B87 /* ImagePicker.swift */; };
		7E01BD7A28D8FFE500DC1B87 /* ConversationCell.swift in Sources */ = {isa = PBXBuildFile; fileRef = 7E01BD7928D8FFE500DC1B87 /* ConversationCell.swift */; };
		7E01BD7C28D901BD00DC1B87 /* NewMessageView.swift in Sources */ = {isa = PBXBuildFile; fileRef = 7E01BD7B28D901BD00DC1B87 /* NewMessageView.swift */; };
		7E01BD7E28D901D400DC1B87 /* UserCell.swift in Sources */ = {isa = PBXBuildFile; fileRef = 7E01BD7D28D901D400DC1B87 /* UserCell.swift */; };
		7E01BD8028D906A500DC1B87 /* SearchBar.swift in Sources */ = {isa = PBXBuildFile; fileRef = 7E01BD7F28D906A500DC1B87 /* SearchBar.swift */; };
		7E01BD8228D9087300DC1B87 /* Extensions.swift in Sources */ = {isa = PBXBuildFile; fileRef = 7E01BD8128D9087300DC1B87 /* Extensions.swift */; };
		7E01BD8528D90A4D00DC1B87 /* ChatBubble.swift in Sources */ = {isa = PBXBuildFile; fileRef = 7E01BD8428D90A4D00DC1B87 /* ChatBubble.swift */; };
		7E01BD8728D90AF600DC1B87 /* MessageView.swift in Sources */ = {isa = PBXBuildFile; fileRef = 7E01BD8628D90AF600DC1B87 /* MessageView.swift */; };
		7E01BD8928D90E2B00DC1B87 /* CustomInputView.swift in Sources */ = {isa = PBXBuildFile; fileRef = 7E01BD8828D90E2B00DC1B87 /* CustomInputView.swift */; };
		7E01BD8C28D910B600DC1B87 /* Message.swift in Sources */ = {isa = PBXBuildFile; fileRef = 7E01BD8B28D910B600DC1B87 /* Message.swift */; };
		7E01BD8F28D9110D00DC1B87 /* ChatViewModel.swift in Sources */ = {isa = PBXBuildFile; fileRef = 7E01BD8E28D9110D00DC1B87 /* ChatViewModel.swift */; };
		7E7A5CCD28F5B6EA00E207AF /* GoogleService-Info.plist in Resources */ = {isa = PBXBuildFile; fileRef = 7E7A5CCC28F5B6EA00E207AF /* GoogleService-Info.plist */; };
		7E7A5CCE28F5B6EA00E207AF /* GoogleService-Info.plist in Resources */ = {isa = PBXBuildFile; fileRef = 7E7A5CCC28F5B6EA00E207AF /* GoogleService-Info.plist */; };
		7E7A5CD128F5B76500E207AF /* AuthViewModel.swift in Sources */ = {isa = PBXBuildFile; fileRef = 7E7A5CD028F5B76500E207AF /* AuthViewModel.swift */; };
		7E7A5CD228F5B76500E207AF /* AuthViewModel.swift in Sources */ = {isa = PBXBuildFile; fileRef = 7E7A5CD028F5B76500E207AF /* AuthViewModel.swift */; };
		7E7A5CD428F5BAA200E207AF /* ProfilePhotoSelectorView.swift in Sources */ = {isa = PBXBuildFile; fileRef = 7E7A5CD328F5BAA200E207AF /* ProfilePhotoSelectorView.swift */; };
		7E7A5CD528F5BAA200E207AF /* ProfilePhotoSelectorView.swift in Sources */ = {isa = PBXBuildFile; fileRef = 7E7A5CD328F5BAA200E207AF /* ProfilePhotoSelectorView.swift */; };
		7E7A5CD828F5CD8200E207AF /* ImageUploader.swift in Sources */ = {isa = PBXBuildFile; fileRef = 7E7A5CD728F5CD8200E207AF /* ImageUploader.swift */; };
		7E7A5CD928F5CD8200E207AF /* ImageUploader.swift in Sources */ = {isa = PBXBuildFile; fileRef = 7E7A5CD728F5CD8200E207AF /* ImageUploader.swift */; };
		7E7A5CDB28F70CEC00E207AF /* User.swift in Sources */ = {isa = PBXBuildFile; fileRef = 7E7A5CDA28F70CEC00E207AF /* User.swift */; };
		7E7A5CDC28F70CEC00E207AF /* User.swift in Sources */ = {isa = PBXBuildFile; fileRef = 7E7A5CDA28F70CEC00E207AF /* User.swift */; };
		7E7A5CDF28F70D7600E207AF /* FirebaseAuth in Frameworks */ = {isa = PBXBuildFile; productRef = 7E7A5CDE28F70D7600E207AF /* FirebaseAuth */; };
		7E7A5CE128F70D7600E207AF /* FirebaseFirestore in Frameworks */ = {isa = PBXBuildFile; productRef = 7E7A5CE028F70D7600E207AF /* FirebaseFirestore */; };
		7E7A5CE328F70D7600E207AF /* FirebaseFirestoreSwift in Frameworks */ = {isa = PBXBuildFile; productRef = 7E7A5CE228F70D7600E207AF /* FirebaseFirestoreSwift */; };
		7E7A5CE528F70D7600E207AF /* FirebaseFunctions in Frameworks */ = {isa = PBXBuildFile; productRef = 7E7A5CE428F70D7600E207AF /* FirebaseFunctions */; };
		7E7A5CE728F70D7600E207AF /* FirebaseStorage in Frameworks */ = {isa = PBXBuildFile; productRef = 7E7A5CE628F70D7600E207AF /* FirebaseStorage */; };
		7E7A5CEA28F711A100E207AF /* Kingfisher in Frameworks */ = {isa = PBXBuildFile; productRef = 7E7A5CE928F711A100E207AF /* Kingfisher */; };
		7E7A5CEC28F7130000E207AF /* NewMessageViewModel.swift in Sources */ = {isa = PBXBuildFile; fileRef = 7E7A5CEB28F7130000E207AF /* NewMessageViewModel.swift */; };
		7E7A5CED28F7130000E207AF /* NewMessageViewModel.swift in Sources */ = {isa = PBXBuildFile; fileRef = 7E7A5CEB28F7130000E207AF /* NewMessageViewModel.swift */; };
		7E7A5CEF28F7136A00E207AF /* Constants.swift in Sources */ = {isa = PBXBuildFile; fileRef = 7E7A5CEE28F7136A00E207AF /* Constants.swift */; };
		7E7A5CF028F7136A00E207AF /* Constants.swift in Sources */ = {isa = PBXBuildFile; fileRef = 7E7A5CEE28F7136A00E207AF /* Constants.swift */; };
		7E7A5CF328F7460900E207AF /* MessageViewModel.swift in Sources */ = {isa = PBXBuildFile; fileRef = 7E7A5CF228F7460900E207AF /* MessageViewModel.swift */; };
		7E7A5CF428F7460900E207AF /* MessageViewModel.swift in Sources */ = {isa = PBXBuildFile; fileRef = 7E7A5CF228F7460900E207AF /* MessageViewModel.swift */; };
		7E7A5CF928F848B300E207AF /* ConversationsViewModel.swift in Sources */ = {isa = PBXBuildFile; fileRef = 7E7A5CF828F848B300E207AF /* ConversationsViewModel.swift */; };
		7E7A5CFA28F848B300E207AF /* ConversationsViewModel.swift in Sources */ = {isa = PBXBuildFile; fileRef = 7E7A5CF828F848B300E207AF /* ConversationsViewModel.swift */; };
		7E7A5CFC28F84E4800E207AF /* ConversationCellViewModel.swift in Sources */ = {isa = PBXBuildFile; fileRef = 7E7A5CFB28F84E4800E207AF /* ConversationCellViewModel.swift */; };
		7E7A5CFD28F84E4800E207AF /* ConversationCellViewModel.swift in Sources */ = {isa = PBXBuildFile; fileRef = 7E7A5CFB28F84E4800E207AF /* ConversationCellViewModel.swift */; };
/* End PBXBuildFile section */

/* Begin PBXFileReference section */
		14DFF78228D7DF92006204A0 /* WhatsappCApp.swift */ = {isa = PBXFileReference; lastKnownFileType = sourcecode.swift; path = WhatsappCApp.swift; sourceTree = "<group>"; };
		14DFF78328D7DF92006204A0 /* ContentView.swift */ = {isa = PBXFileReference; lastKnownFileType = sourcecode.swift; path = ContentView.swift; sourceTree = "<group>"; };
		14DFF78428D7DF94006204A0 /* Assets.xcassets */ = {isa = PBXFileReference; lastKnownFileType = folder.assetcatalog; path = Assets.xcassets; sourceTree = "<group>"; };
		14DFF78928D7DF94006204A0 /* WhatsappC.app */ = {isa = PBXFileReference; explicitFileType = wrapper.application; includeInIndex = 0; path = WhatsappC.app; sourceTree = BUILT_PRODUCTS_DIR; };
		14DFF78F28D7DF94006204A0 /* WhatsappC.app */ = {isa = PBXFileReference; explicitFileType = wrapper.application; includeInIndex = 0; path = WhatsappC.app; sourceTree = BUILT_PRODUCTS_DIR; };
		14DFF79128D7DF94006204A0 /* macOS.entitlements */ = {isa = PBXFileReference; lastKnownFileType = text.plist.entitlements; path = macOS.entitlements; sourceTree = "<group>"; };
		14DFF7A728D7E075006204A0 /* RegistrationView.swift */ = {isa = PBXFileReference; lastKnownFileType = sourcecode.swift; path = RegistrationView.swift; sourceTree = "<group>"; };
		14DFF7A928D7E080006204A0 /* LoginView.swift */ = {isa = PBXFileReference; lastKnownFileType = sourcecode.swift; path = LoginView.swift; sourceTree = "<group>"; };
		14DFF7AB28D7E886006204A0 /* CustomTextField.swift */ = {isa = PBXFileReference; lastKnownFileType = sourcecode.swift; path = CustomTextField.swift; sourceTree = "<group>"; };
		7E01BD5A28D8AA8800DC1B87 /* MainTabView.swift */ = {isa = PBXFileReference; lastKnownFileType = sourcecode.swift; path = MainTabView.swift; sourceTree = "<group>"; };
		7E01BD5F28D8AB5500DC1B87 /* ChannelsView.swift */ = {isa = PBXFileReference; lastKnownFileType = sourcecode.swift; path = ChannelsView.swift; sourceTree = "<group>"; };
		7E01BD6128D8AB7D00DC1B87 /* SettingsView.swift */ = {isa = PBXFileReference; lastKnownFileType = sourcecode.swift; path = SettingsView.swift; sourceTree = "<group>"; };
		7E01BD6328D8AB9000DC1B87 /* ChatView.swift */ = {isa = PBXFileReference; lastKnownFileType = sourcecode.swift; path = ChatView.swift; sourceTree = "<group>"; };
		7E01BD6628D8ABBB00DC1B87 /* ConversationsView.swift */ = {isa = PBXFileReference; lastKnownFileType = sourcecode.swift; path = ConversationsView.swift; sourceTree = "<group>"; };
		7E01BD6928D8B57D00DC1B87 /* SettingsHeaderView.swift */ = {isa = PBXFileReference; lastKnownFileType = sourcecode.swift; path = SettingsHeaderView.swift; sourceTree = "<group>"; };
		7E01BD6B28D8B63A00DC1B87 /* SettingsCell.swift */ = {isa = PBXFileReference; lastKnownFileType = sourcecode.swift; path = SettingsCell.swift; sourceTree = "<group>"; };
		7E01BD6E28D8B8E400DC1B87 /* SettingsCellViewModel.swift */ = {isa = PBXFileReference; lastKnownFileType = sourcecode.swift; path = SettingsCellViewModel.swift; sourceTree = "<group>"; };
		7E01BD7028D8CDB700DC1B87 /* EditProfileView.swift */ = {isa = PBXFileReference; lastKnownFileType = sourcecode.swift; path = EditProfileView.swift; sourceTree = "<group>"; };
		7E01BD7228D8EDB300DC1B87 /* StatusSelectorView.swift */ = {isa = PBXFileReference; lastKnownFileType = sourcecode.swift; path = StatusSelectorView.swift; sourceTree = "<group>"; };
		7E01BD7428D8F17600DC1B87 /* StatusViewModel.swift */ = {isa = PBXFileReference; lastKnownFileType = sourcecode.swift; path = StatusViewModel.swift; sourceTree = "<group>"; };
		7E01BD7628D8F61000DC1B87 /* ImagePicker.swift */ = {isa = PBXFileReference; lastKnownFileType = sourcecode.swift; path = ImagePicker.swift; sourceTree = "<group>"; };
		7E01BD7928D8FFE500DC1B87 /* ConversationCell.swift */ = {isa = PBXFileReference; lastKnownFileType = sourcecode.swift; path = ConversationCell.swift; sourceTree = "<group>"; };
		7E01BD7B28D901BD00DC1B87 /* NewMessageView.swift */ = {isa = PBXFileReference; lastKnownFileType = sourcecode.swift; path = NewMessageView.swift; sourceTree = "<group>"; };
		7E01BD7D28D901D400DC1B87 /* UserCell.swift */ = {isa = PBXFileReference; lastKnownFileType = sourcecode.swift; path = UserCell.swift; sourceTree = "<group>"; };
		7E01BD7F28D906A500DC1B87 /* SearchBar.swift */ = {isa = PBXFileReference; lastKnownFileType = sourcecode.swift; path = SearchBar.swift; sourceTree = "<group>"; };
		7E01BD8128D9087300DC1B87 /* Extensions.swift */ = {isa = PBXFileReference; lastKnownFileType = sourcecode.swift; path = Extensions.swift; sourceTree = "<group>"; };
		7E01BD8428D90A4D00DC1B87 /* ChatBubble.swift */ = {isa = PBXFileReference; lastKnownFileType = sourcecode.swift; path = ChatBubble.swift; sourceTree = "<group>"; };
		7E01BD8628D90AF600DC1B87 /* MessageView.swift */ = {isa = PBXFileReference; lastKnownFileType = sourcecode.swift; path = MessageView.swift; sourceTree = "<group>"; };
		7E01BD8828D90E2B00DC1B87 /* CustomInputView.swift */ = {isa = PBXFileReference; lastKnownFileType = sourcecode.swift; path = CustomInputView.swift; sourceTree = "<group>"; };
		7E01BD8B28D910B600DC1B87 /* Message.swift */ = {isa = PBXFileReference; lastKnownFileType = sourcecode.swift; path = Message.swift; sourceTree = "<group>"; };
		7E01BD8E28D9110D00DC1B87 /* ChatViewModel.swift */ = {isa = PBXFileReference; lastKnownFileType = sourcecode.swift; path = ChatViewModel.swift; sourceTree = "<group>"; };
		7E7A5CCC28F5B6EA00E207AF /* GoogleService-Info.plist */ = {isa = PBXFileReference; fileEncoding = 4; lastKnownFileType = text.plist.xml; path = "GoogleService-Info.plist"; sourceTree = "<group>"; };
		7E7A5CD028F5B76500E207AF /* AuthViewModel.swift */ = {isa = PBXFileReference; lastKnownFileType = sourcecode.swift; path = AuthViewModel.swift; sourceTree = "<group>"; };
		7E7A5CD328F5BAA200E207AF /* ProfilePhotoSelectorView.swift */ = {isa = PBXFileReference; lastKnownFileType = sourcecode.swift; path = ProfilePhotoSelectorView.swift; sourceTree = "<group>"; };
		7E7A5CD728F5CD8200E207AF /* ImageUploader.swift */ = {isa = PBXFileReference; lastKnownFileType = sourcecode.swift; path = ImageUploader.swift; sourceTree = "<group>"; };
		7E7A5CDA28F70CEC00E207AF /* User.swift */ = {isa = PBXFileReference; lastKnownFileType = sourcecode.swift; path = User.swift; sourceTree = "<group>"; };
		7E7A5CEB28F7130000E207AF /* NewMessageViewModel.swift */ = {isa = PBXFileReference; lastKnownFileType = sourcecode.swift; path = NewMessageViewModel.swift; sourceTree = "<group>"; };
		7E7A5CEE28F7136A00E207AF /* Constants.swift */ = {isa = PBXFileReference; lastKnownFileType = sourcecode.swift; path = Constants.swift; sourceTree = "<group>"; };
		7E7A5CF228F7460900E207AF /* MessageViewModel.swift */ = {isa = PBXFileReference; lastKnownFileType = sourcecode.swift; path = MessageViewModel.swift; sourceTree = "<group>"; };
		7E7A5CF828F848B300E207AF /* ConversationsViewModel.swift */ = {isa = PBXFileReference; lastKnownFileType = sourcecode.swift; path = ConversationsViewModel.swift; sourceTree = "<group>"; };
		7E7A5CFB28F84E4800E207AF /* ConversationCellViewModel.swift */ = {isa = PBXFileReference; lastKnownFileType = sourcecode.swift; path = ConversationCellViewModel.swift; sourceTree = "<group>"; };
/* End PBXFileReference section */

/* Begin PBXFrameworksBuildPhase section */
		14DFF78628D7DF94006204A0 /* Frameworks */ = {
			isa = PBXFrameworksBuildPhase;
			buildActionMask = 2147483647;
			files = (
				7E7A5CEA28F711A100E207AF /* Kingfisher in Frameworks */,
				7E7A5CDF28F70D7600E207AF /* FirebaseAuth in Frameworks */,
				7E7A5CE128F70D7600E207AF /* FirebaseFirestore in Frameworks */,
				7E7A5CE328F70D7600E207AF /* FirebaseFirestoreSwift in Frameworks */,
				7E7A5CE728F70D7600E207AF /* FirebaseStorage in Frameworks */,
				7E7A5CE528F70D7600E207AF /* FirebaseFunctions in Frameworks */,
			);
			runOnlyForDeploymentPostprocessing = 0;
		};
		14DFF78C28D7DF94006204A0 /* Frameworks */ = {
			isa = PBXFrameworksBuildPhase;
			buildActionMask = 2147483647;
			files = (
			);
			runOnlyForDeploymentPostprocessing = 0;
		};
/* End PBXFrameworksBuildPhase section */

/* Begin PBXGroup section */
		14DFF77C28D7DF92006204A0 = {
			isa = PBXGroup;
			children = (
				14DFF78128D7DF92006204A0 /* Shared */,
				14DFF79028D7DF94006204A0 /* macOS */,
				14DFF78A28D7DF94006204A0 /* Products */,
			);
			sourceTree = "<group>";
		};
		14DFF78128D7DF92006204A0 /* Shared */ = {
			isa = PBXGroup;
			children = (
				14DFF78228D7DF92006204A0 /* WhatsappCApp.swift */,
				7E7A5CD628F5CD6F00E207AF /* API */,
				7E01BD8A28D910AB00DC1B87 /* Model */,
				14DFF7A128D7DFF8006204A0 /* Core */,
				14DFF7A028D7DFEF006204A0 /* Utils */,
				14DFF78328D7DF92006204A0 /* ContentView.swift */,
				7E7A5CCC28F5B6EA00E207AF /* GoogleService-Info.plist */,
				14DFF78428D7DF94006204A0 /* Assets.xcassets */,
			);
			path = Shared;
			sourceTree = "<group>";
		};
		14DFF78A28D7DF94006204A0 /* Products */ = {
			isa = PBXGroup;
			children = (
				14DFF78928D7DF94006204A0 /* WhatsappC.app */,
				14DFF78F28D7DF94006204A0 /* WhatsappC.app */,
			);
			name = Products;
			sourceTree = "<group>";
		};
		14DFF79028D7DF94006204A0 /* macOS */ = {
			isa = PBXGroup;
			children = (
				14DFF79128D7DF94006204A0 /* macOS.entitlements */,
			);
			path = macOS;
			sourceTree = "<group>";
		};
		14DFF7A028D7DFEF006204A0 /* Utils */ = {
			isa = PBXGroup;
			children = (
				14DFF7AB28D7E886006204A0 /* CustomTextField.swift */,
				7E01BD7628D8F61000DC1B87 /* ImagePicker.swift */,
				7E01BD7F28D906A500DC1B87 /* SearchBar.swift */,
				7E01BD8128D9087300DC1B87 /* Extensions.swift */,
				7E7A5CEE28F7136A00E207AF /* Constants.swift */,
			);
			path = Utils;
			sourceTree = "<group>";
		};
		14DFF7A128D7DFF8006204A0 /* Core */ = {
			isa = PBXGroup;
			children = (
				7E01BD6528D8ABAA00DC1B87 /* Conversations */,
				7E01BD5E28D8AB4200DC1B87 /* Channels */,
				7E01BD5D28D8AB3900DC1B87 /* Chats */,
				7E01BD5C28D8AB3300DC1B87 /* Settings */,
				7E01BD5828D8AA7400DC1B87 /* Main */,
				14DFF7A528D7E043006204A0 /* Authentication */,
			);
			path = Core;
			sourceTree = "<group>";
		};
		14DFF7A528D7E043006204A0 /* Authentication */ = {
			isa = PBXGroup;
			children = (
				7E7A5CCF28F5B75400E207AF /* ViewModel */,
				14DFF7A628D7E052006204A0 /* View */,
			);
			path = Authentication;
			sourceTree = "<group>";
		};
		14DFF7A628D7E052006204A0 /* View */ = {
			isa = PBXGroup;
			children = (
				14DFF7A728D7E075006204A0 /* RegistrationView.swift */,
				14DFF7A928D7E080006204A0 /* LoginView.swift */,
				7E7A5CD328F5BAA200E207AF /* ProfilePhotoSelectorView.swift */,
			);
			path = View;
			sourceTree = "<group>";
		};
		7E01BD5828D8AA7400DC1B87 /* Main */ = {
			isa = PBXGroup;
			children = (
				7E01BD5928D8AA7A00DC1B87 /* View */,
			);
			path = Main;
			sourceTree = "<group>";
		};
		7E01BD5928D8AA7A00DC1B87 /* View */ = {
			isa = PBXGroup;
			children = (
				7E01BD5A28D8AA8800DC1B87 /* MainTabView.swift */,
			);
			path = View;
			sourceTree = "<group>";
		};
		7E01BD5C28D8AB3300DC1B87 /* Settings */ = {
			isa = PBXGroup;
			children = (
				7E01BD6D28D8B8D700DC1B87 /* ViewModel */,
				7E01BD6828D8B56E00DC1B87 /* View */,
			);
			path = Settings;
			sourceTree = "<group>";
		};
		7E01BD5D28D8AB3900DC1B87 /* Chats */ = {
			isa = PBXGroup;
			children = (
				7E01BD8D28D910FF00DC1B87 /* ViewModel */,
				7E01BD8328D90A4000DC1B87 /* View */,
			);
			path = Chats;
			sourceTree = "<group>";
		};
		7E01BD5E28D8AB4200DC1B87 /* Channels */ = {
			isa = PBXGroup;
			children = (
				7E01BD5F28D8AB5500DC1B87 /* ChannelsView.swift */,
			);
			name = Channels;
			sourceTree = "<group>";
		};
		7E01BD6528D8ABAA00DC1B87 /* Conversations */ = {
			isa = PBXGroup;
			children = (
				7E7A5CF128F7157900E207AF /* ViewModel */,
				7E01BD7828D8FFD600DC1B87 /* View */,
			);
			path = Conversations;
			sourceTree = "<group>";
		};
		7E01BD6828D8B56E00DC1B87 /* View */ = {
			isa = PBXGroup;
			children = (
				7E01BD6128D8AB7D00DC1B87 /* SettingsView.swift */,
				7E01BD6928D8B57D00DC1B87 /* SettingsHeaderView.swift */,
				7E01BD6B28D8B63A00DC1B87 /* SettingsCell.swift */,
				7E01BD7028D8CDB700DC1B87 /* EditProfileView.swift */,
				7E01BD7228D8EDB300DC1B87 /* StatusSelectorView.swift */,
			);
			path = View;
			sourceTree = "<group>";
		};
		7E01BD6D28D8B8D700DC1B87 /* ViewModel */ = {
			isa = PBXGroup;
			children = (
				7E01BD6E28D8B8E400DC1B87 /* SettingsCellViewModel.swift */,
				7E01BD7428D8F17600DC1B87 /* StatusViewModel.swift */,
			);
			path = ViewModel;
			sourceTree = "<group>";
		};
		7E01BD7828D8FFD600DC1B87 /* View */ = {
			isa = PBXGroup;
			children = (
				7E01BD6628D8ABBB00DC1B87 /* ConversationsView.swift */,
				7E01BD7B28D901BD00DC1B87 /* NewMessageView.swift */,
				7E01BD7928D8FFE500DC1B87 /* ConversationCell.swift */,
				7E01BD7D28D901D400DC1B87 /* UserCell.swift */,
			);
			path = View;
			sourceTree = "<group>";
		};
		7E01BD8328D90A4000DC1B87 /* View */ = {
			isa = PBXGroup;
			children = (
				7E01BD6328D8AB9000DC1B87 /* ChatView.swift */,
				7E01BD8628D90AF600DC1B87 /* MessageView.swift */,
				7E01BD8428D90A4D00DC1B87 /* ChatBubble.swift */,
				7E01BD8828D90E2B00DC1B87 /* CustomInputView.swift */,
			);
			path = View;
			sourceTree = "<group>";
		};
		7E01BD8A28D910AB00DC1B87 /* Model */ = {
			isa = PBXGroup;
			children = (
				7E01BD8B28D910B600DC1B87 /* Message.swift */,
				7E7A5CDA28F70CEC00E207AF /* User.swift */,
			);
			path = Model;
			sourceTree = "<group>";
		};
		7E01BD8D28D910FF00DC1B87 /* ViewModel */ = {
			isa = PBXGroup;
			children = (
				7E01BD8E28D9110D00DC1B87 /* ChatViewModel.swift */,
				7E7A5CF228F7460900E207AF /* MessageViewModel.swift */,
			);
			path = ViewModel;
			sourceTree = "<group>";
		};
		7E7A5CCF28F5B75400E207AF /* ViewModel */ = {
			isa = PBXGroup;
			children = (
				7E7A5CD028F5B76500E207AF /* AuthViewModel.swift */,
			);
			path = ViewModel;
			sourceTree = "<group>";
		};
		7E7A5CD628F5CD6F00E207AF /* API */ = {
			isa = PBXGroup;
			children = (
				7E7A5CD728F5CD8200E207AF /* ImageUploader.swift */,
			);
			path = API;
			sourceTree = "<group>";
		};
		7E7A5CF128F7157900E207AF /* ViewModel */ = {
			isa = PBXGroup;
			children = (
				7E7A5CEB28F7130000E207AF /* NewMessageViewModel.swift */,
				7E7A5CF828F848B300E207AF /* ConversationsViewModel.swift */,
				7E7A5CFB28F84E4800E207AF /* ConversationCellViewModel.swift */,
			);
			path = ViewModel;
			sourceTree = "<group>";
		};
/* End PBXGroup section */

/* Begin PBXNativeTarget section */
		14DFF78828D7DF94006204A0 /* WhatsappC (iOS) */ = {
			isa = PBXNativeTarget;
			buildConfigurationList = 14DFF79A28D7DF94006204A0 /* Build configuration list for PBXNativeTarget "WhatsappC (iOS)" */;
			buildPhases = (
				14DFF78528D7DF94006204A0 /* Sources */,
				14DFF78628D7DF94006204A0 /* Frameworks */,
				14DFF78728D7DF94006204A0 /* Resources */,
			);
			buildRules = (
			);
			dependencies = (
			);
			name = "WhatsappC (iOS)";
			packageProductDependencies = (
				7E7A5CDE28F70D7600E207AF /* FirebaseAuth */,
				7E7A5CE028F70D7600E207AF /* FirebaseFirestore */,
				7E7A5CE228F70D7600E207AF /* FirebaseFirestoreSwift */,
				7E7A5CE428F70D7600E207AF /* FirebaseFunctions */,
				7E7A5CE628F70D7600E207AF /* FirebaseStorage */,
				7E7A5CE928F711A100E207AF /* Kingfisher */,
			);
			productName = "WhatsappC (iOS)";
			productReference = 14DFF78928D7DF94006204A0 /* WhatsappC.app */;
			productType = "com.apple.product-type.application";
		};
		14DFF78E28D7DF94006204A0 /* WhatsappC (macOS) */ = {
			isa = PBXNativeTarget;
			buildConfigurationList = 14DFF79D28D7DF94006204A0 /* Build configuration list for PBXNativeTarget "WhatsappC (macOS)" */;
			buildPhases = (
				14DFF78B28D7DF94006204A0 /* Sources */,
				14DFF78C28D7DF94006204A0 /* Frameworks */,
				14DFF78D28D7DF94006204A0 /* Resources */,
			);
			buildRules = (
			);
			dependencies = (
			);
			name = "WhatsappC (macOS)";
			productName = "WhatsappC (macOS)";
			productReference = 14DFF78F28D7DF94006204A0 /* WhatsappC.app */;
			productType = "com.apple.product-type.application";
		};
/* End PBXNativeTarget section */

/* Begin PBXProject section */
		14DFF77D28D7DF92006204A0 /* Project object */ = {
			isa = PBXProject;
			attributes = {
				BuildIndependentTargetsInParallel = 1;
				LastSwiftUpdateCheck = 1340;
				LastUpgradeCheck = 1340;
				TargetAttributes = {
					14DFF78828D7DF94006204A0 = {
						CreatedOnToolsVersion = 13.4.1;
					};
					14DFF78E28D7DF94006204A0 = {
						CreatedOnToolsVersion = 13.4.1;
					};
				};
			};
			buildConfigurationList = 14DFF78028D7DF92006204A0 /* Build configuration list for PBXProject "WhatsappC" */;
			compatibilityVersion = "Xcode 13.0";
			developmentRegion = en;
			hasScannedForEncodings = 0;
			knownRegions = (
				en,
				Base,
			);
			mainGroup = 14DFF77C28D7DF92006204A0;
			packageReferences = (
				7E7A5CDD28F70D7600E207AF /* XCRemoteSwiftPackageReference "firebase-ios-sdk" */,
				7E7A5CE828F711A100E207AF /* XCRemoteSwiftPackageReference "Kingfisher" */,
			);
			productRefGroup = 14DFF78A28D7DF94006204A0 /* Products */;
			projectDirPath = "";
			projectRoot = "";
			targets = (
				14DFF78828D7DF94006204A0 /* WhatsappC (iOS) */,
				14DFF78E28D7DF94006204A0 /* WhatsappC (macOS) */,
			);
		};
/* End PBXProject section */

/* Begin PBXResourcesBuildPhase section */
		14DFF78728D7DF94006204A0 /* Resources */ = {
			isa = PBXResourcesBuildPhase;
			buildActionMask = 2147483647;
			files = (
				14DFF79628D7DF94006204A0 /* Assets.xcassets in Resources */,
				7E7A5CCD28F5B6EA00E207AF /* GoogleService-Info.plist in Resources */,
			);
			runOnlyForDeploymentPostprocessing = 0;
		};
		14DFF78D28D7DF94006204A0 /* Resources */ = {
			isa = PBXResourcesBuildPhase;
			buildActionMask = 2147483647;
			files = (
				14DFF79728D7DF94006204A0 /* Assets.xcassets in Resources */,
				7E7A5CCE28F5B6EA00E207AF /* GoogleService-Info.plist in Resources */,
			);
			runOnlyForDeploymentPostprocessing = 0;
		};
/* End PBXResourcesBuildPhase section */

/* Begin PBXSourcesBuildPhase section */
		14DFF78528D7DF94006204A0 /* Sources */ = {
			isa = PBXSourcesBuildPhase;
			buildActionMask = 2147483647;
			files = (
				7E01BD7528D8F17600DC1B87 /* StatusViewModel.swift in Sources */,
				7E01BD7128D8CDB700DC1B87 /* EditProfileView.swift in Sources */,
				7E01BD7C28D901BD00DC1B87 /* NewMessageView.swift in Sources */,
				7E01BD7328D8EDB300DC1B87 /* StatusSelectorView.swift in Sources */,
				7E7A5CDB28F70CEC00E207AF /* User.swift in Sources */,
				7E01BD7728D8F61000DC1B87 /* ImagePicker.swift in Sources */,
				14DFF7A828D7E075006204A0 /* RegistrationView.swift in Sources */,
				7E01BD6228D8AB7D00DC1B87 /* SettingsView.swift in Sources */,
				7E01BD8F28D9110D00DC1B87 /* ChatViewModel.swift in Sources */,
				7E01BD6F28D8B8E400DC1B87 /* SettingsCellViewModel.swift in Sources */,
				7E01BD7E28D901D400DC1B87 /* UserCell.swift in Sources */,
				7E01BD8C28D910B600DC1B87 /* Message.swift in Sources */,
				7E01BD8528D90A4D00DC1B87 /* ChatBubble.swift in Sources */,
				7E01BD8228D9087300DC1B87 /* Extensions.swift in Sources */,
				7E01BD6C28D8B63A00DC1B87 /* SettingsCell.swift in Sources */,
				7E7A5CEC28F7130000E207AF /* NewMessageViewModel.swift in Sources */,
				7E7A5CF928F848B300E207AF /* ConversationsViewModel.swift in Sources */,
				7E01BD8728D90AF600DC1B87 /* MessageView.swift in Sources */,
				7E01BD6028D8AB5500DC1B87 /* ChannelsView.swift in Sources */,
				7E01BD6A28D8B57D00DC1B87 /* SettingsHeaderView.swift in Sources */,
				7E7A5CD828F5CD8200E207AF /* ImageUploader.swift in Sources */,
				7E01BD6728D8ABBB00DC1B87 /* ConversationsView.swift in Sources */,
				14DFF79428D7DF94006204A0 /* ContentView.swift in Sources */,
				7E01BD8028D906A500DC1B87 /* SearchBar.swift in Sources */,
				7E7A5CEF28F7136A00E207AF /* Constants.swift in Sources */,
				7E7A5CD428F5BAA200E207AF /* ProfilePhotoSelectorView.swift in Sources */,
				7E01BD8928D90E2B00DC1B87 /* CustomInputView.swift in Sources */,
				7E7A5CF328F7460900E207AF /* MessageViewModel.swift in Sources */,
				14DFF7AA28D7E080006204A0 /* LoginView.swift in Sources */,
				7E7A5CFC28F84E4800E207AF /* ConversationCellViewModel.swift in Sources */,
				14DFF79228D7DF94006204A0 /* WhatsappCApp.swift in Sources */,
				7E01BD7A28D8FFE500DC1B87 /* ConversationCell.swift in Sources */,
				7E7A5CD128F5B76500E207AF /* AuthViewModel.swift in Sources */,
				7E01BD6428D8AB9000DC1B87 /* ChatView.swift in Sources */,
				14DFF7AC28D7E886006204A0 /* CustomTextField.swift in Sources */,
				7E01BD5B28D8AA8800DC1B87 /* MainTabView.swift in Sources */,
			);
			runOnlyForDeploymentPostprocessing = 0;
		};
		14DFF78B28D7DF94006204A0 /* Sources */ = {
			isa = PBXSourcesBuildPhase;
			buildActionMask = 2147483647;
			files = (
				7E7A5CD528F5BAA200E207AF /* ProfilePhotoSelectorView.swift in Sources */,
				7E7A5CFA28F848B300E207AF /* ConversationsViewModel.swift in Sources */,
				7E7A5CFD28F84E4800E207AF /* ConversationCellViewModel.swift in Sources */,
				7E7A5CF428F7460900E207AF /* MessageViewModel.swift in Sources */,
				14DFF79528D7DF94006204A0 /* ContentView.swift in Sources */,
				7E7A5CDC28F70CEC00E207AF /* User.swift in Sources */,
				7E7A5CD928F5CD8200E207AF /* ImageUploader.swift in Sources */,
				14DFF79328D7DF94006204A0 /* WhatsappCApp.swift in Sources */,
				7E7A5CED28F7130000E207AF /* NewMessageViewModel.swift in Sources */,
				7E7A5CD228F5B76500E207AF /* AuthViewModel.swift in Sources */,
				7E7A5CF028F7136A00E207AF /* Constants.swift in Sources */,
			);
			runOnlyForDeploymentPostprocessing = 0;
		};
/* End PBXSourcesBuildPhase section */

/* Begin XCBuildConfiguration section */
		14DFF79828D7DF94006204A0 /* Debug */ = {
			isa = XCBuildConfiguration;
			buildSettings = {
				ALWAYS_SEARCH_USER_PATHS = NO;
				CLANG_ANALYZER_NONNULL = YES;
				CLANG_ANALYZER_NUMBER_OBJECT_CONVERSION = YES_AGGRESSIVE;
				CLANG_CXX_LANGUAGE_STANDARD = "gnu++17";
				CLANG_ENABLE_MODULES = YES;
				CLANG_ENABLE_OBJC_ARC = YES;
				CLANG_ENABLE_OBJC_WEAK = YES;
				CLANG_WARN_BLOCK_CAPTURE_AUTORELEASING = YES;
				CLANG_WARN_BOOL_CONVERSION = YES;
				CLANG_WARN_COMMA = YES;
				CLANG_WARN_CONSTANT_CONVERSION = YES;
				CLANG_WARN_DEPRECATED_OBJC_IMPLEMENTATIONS = YES;
				CLANG_WARN_DIRECT_OBJC_ISA_USAGE = YES_ERROR;
				CLANG_WARN_DOCUMENTATION_COMMENTS = YES;
				CLANG_WARN_EMPTY_BODY = YES;
				CLANG_WARN_ENUM_CONVERSION = YES;
				CLANG_WARN_INFINITE_RECURSION = YES;
				CLANG_WARN_INT_CONVERSION = YES;
				CLANG_WARN_NON_LITERAL_NULL_CONVERSION = YES;
				CLANG_WARN_OBJC_IMPLICIT_RETAIN_SELF = YES;
				CLANG_WARN_OBJC_LITERAL_CONVERSION = YES;
				CLANG_WARN_OBJC_ROOT_CLASS = YES_ERROR;
				CLANG_WARN_QUOTED_INCLUDE_IN_FRAMEWORK_HEADER = YES;
				CLANG_WARN_RANGE_LOOP_ANALYSIS = YES;
				CLANG_WARN_STRICT_PROTOTYPES = YES;
				CLANG_WARN_SUSPICIOUS_MOVE = YES;
				CLANG_WARN_UNGUARDED_AVAILABILITY = YES_AGGRESSIVE;
				CLANG_WARN_UNREACHABLE_CODE = YES;
				CLANG_WARN__DUPLICATE_METHOD_MATCH = YES;
				COPY_PHASE_STRIP = NO;
				DEBUG_INFORMATION_FORMAT = dwarf;
				ENABLE_STRICT_OBJC_MSGSEND = YES;
				ENABLE_TESTABILITY = YES;
				GCC_C_LANGUAGE_STANDARD = gnu11;
				GCC_DYNAMIC_NO_PIC = NO;
				GCC_NO_COMMON_BLOCKS = YES;
				GCC_OPTIMIZATION_LEVEL = 0;
				GCC_PREPROCESSOR_DEFINITIONS = (
					"DEBUG=1",
					"$(inherited)",
				);
				GCC_WARN_64_TO_32_BIT_CONVERSION = YES;
				GCC_WARN_ABOUT_RETURN_TYPE = YES_ERROR;
				GCC_WARN_UNDECLARED_SELECTOR = YES;
				GCC_WARN_UNINITIALIZED_AUTOS = YES_AGGRESSIVE;
				GCC_WARN_UNUSED_FUNCTION = YES;
				GCC_WARN_UNUSED_VARIABLE = YES;
				MTL_ENABLE_DEBUG_INFO = INCLUDE_SOURCE;
				MTL_FAST_MATH = YES;
				ONLY_ACTIVE_ARCH = YES;
				SWIFT_ACTIVE_COMPILATION_CONDITIONS = DEBUG;
				SWIFT_OPTIMIZATION_LEVEL = "-Onone";
			};
			name = Debug;
		};
		14DFF79928D7DF94006204A0 /* Release */ = {
			isa = XCBuildConfiguration;
			buildSettings = {
				ALWAYS_SEARCH_USER_PATHS = NO;
				CLANG_ANALYZER_NONNULL = YES;
				CLANG_ANALYZER_NUMBER_OBJECT_CONVERSION = YES_AGGRESSIVE;
				CLANG_CXX_LANGUAGE_STANDARD = "gnu++17";
				CLANG_ENABLE_MODULES = YES;
				CLANG_ENABLE_OBJC_ARC = YES;
				CLANG_ENABLE_OBJC_WEAK = YES;
				CLANG_WARN_BLOCK_CAPTURE_AUTORELEASING = YES;
				CLANG_WARN_BOOL_CONVERSION = YES;
				CLANG_WARN_COMMA = YES;
				CLANG_WARN_CONSTANT_CONVERSION = YES;
				CLANG_WARN_DEPRECATED_OBJC_IMPLEMENTATIONS = YES;
				CLANG_WARN_DIRECT_OBJC_ISA_USAGE = YES_ERROR;
				CLANG_WARN_DOCUMENTATION_COMMENTS = YES;
				CLANG_WARN_EMPTY_BODY = YES;
				CLANG_WARN_ENUM_CONVERSION = YES;
				CLANG_WARN_INFINITE_RECURSION = YES;
				CLANG_WARN_INT_CONVERSION = YES;
				CLANG_WARN_NON_LITERAL_NULL_CONVERSION = YES;
				CLANG_WARN_OBJC_IMPLICIT_RETAIN_SELF = YES;
				CLANG_WARN_OBJC_LITERAL_CONVERSION = YES;
				CLANG_WARN_OBJC_ROOT_CLASS = YES_ERROR;
				CLANG_WARN_QUOTED_INCLUDE_IN_FRAMEWORK_HEADER = YES;
				CLANG_WARN_RANGE_LOOP_ANALYSIS = YES;
				CLANG_WARN_STRICT_PROTOTYPES = YES;
				CLANG_WARN_SUSPICIOUS_MOVE = YES;
				CLANG_WARN_UNGUARDED_AVAILABILITY = YES_AGGRESSIVE;
				CLANG_WARN_UNREACHABLE_CODE = YES;
				CLANG_WARN__DUPLICATE_METHOD_MATCH = YES;
				COPY_PHASE_STRIP = NO;
				DEBUG_INFORMATION_FORMAT = "dwarf-with-dsym";
				ENABLE_NS_ASSERTIONS = NO;
				ENABLE_STRICT_OBJC_MSGSEND = YES;
				GCC_C_LANGUAGE_STANDARD = gnu11;
				GCC_NO_COMMON_BLOCKS = YES;
				GCC_WARN_64_TO_32_BIT_CONVERSION = YES;
				GCC_WARN_ABOUT_RETURN_TYPE = YES_ERROR;
				GCC_WARN_UNDECLARED_SELECTOR = YES;
				GCC_WARN_UNINITIALIZED_AUTOS = YES_AGGRESSIVE;
				GCC_WARN_UNUSED_FUNCTION = YES;
				GCC_WARN_UNUSED_VARIABLE = YES;
				MTL_ENABLE_DEBUG_INFO = NO;
				MTL_FAST_MATH = YES;
				SWIFT_COMPILATION_MODE = wholemodule;
				SWIFT_OPTIMIZATION_LEVEL = "-O";
			};
			name = Release;
		};
		14DFF79B28D7DF94006204A0 /* Debug */ = {
			isa = XCBuildConfiguration;
			buildSettings = {
				ASSETCATALOG_COMPILER_APPICON_NAME = AppIcon;
				ASSETCATALOG_COMPILER_GLOBAL_ACCENT_COLOR_NAME = AccentColor;
				CODE_SIGN_STYLE = Automatic;
				CURRENT_PROJECT_VERSION = 1;
				ENABLE_PREVIEWS = YES;
				GENERATE_INFOPLIST_FILE = YES;
				INFOPLIST_KEY_UIApplicationSceneManifest_Generation = YES;
				INFOPLIST_KEY_UIApplicationSupportsIndirectInputEvents = YES;
				INFOPLIST_KEY_UILaunchScreen_Generation = YES;
				INFOPLIST_KEY_UISupportedInterfaceOrientations_iPad = "UIInterfaceOrientationPortrait UIInterfaceOrientationPortraitUpsideDown UIInterfaceOrientationLandscapeLeft UIInterfaceOrientationLandscapeRight";
				INFOPLIST_KEY_UISupportedInterfaceOrientations_iPhone = "UIInterfaceOrientationPortrait UIInterfaceOrientationLandscapeLeft UIInterfaceOrientationLandscapeRight";
				IPHONEOS_DEPLOYMENT_TARGET = 15.5;
				LD_RUNPATH_SEARCH_PATHS = (
					"$(inherited)",
					"@executable_path/Frameworks",
				);
				MARKETING_VERSION = 1.0;
				PRODUCT_BUNDLE_IDENTIFIER = dev.aigonzalez.WhatsappC;
				PRODUCT_NAME = WhatsappC;
				SDKROOT = iphoneos;
				SWIFT_EMIT_LOC_STRINGS = YES;
				SWIFT_VERSION = 5.0;
				TARGETED_DEVICE_FAMILY = "1,2";
			};
			name = Debug;
		};
		14DFF79C28D7DF94006204A0 /* Release */ = {
			isa = XCBuildConfiguration;
			buildSettings = {
				ASSETCATALOG_COMPILER_APPICON_NAME = AppIcon;
				ASSETCATALOG_COMPILER_GLOBAL_ACCENT_COLOR_NAME = AccentColor;
				CODE_SIGN_STYLE = Automatic;
				CURRENT_PROJECT_VERSION = 1;
				ENABLE_PREVIEWS = YES;
				GENERATE_INFOPLIST_FILE = YES;
				INFOPLIST_KEY_UIApplicationSceneManifest_Generation = YES;
				INFOPLIST_KEY_UIApplicationSupportsIndirectInputEvents = YES;
				INFOPLIST_KEY_UILaunchScreen_Generation = YES;
				INFOPLIST_KEY_UISupportedInterfaceOrientations_iPad = "UIInterfaceOrientationPortrait UIInterfaceOrientationPortraitUpsideDown UIInterfaceOrientationLandscapeLeft UIInterfaceOrientationLandscapeRight";
				INFOPLIST_KEY_UISupportedInterfaceOrientations_iPhone = "UIInterfaceOrientationPortrait UIInterfaceOrientationLandscapeLeft UIInterfaceOrientationLandscapeRight";
				IPHONEOS_DEPLOYMENT_TARGET = 15.5;
				LD_RUNPATH_SEARCH_PATHS = (
					"$(inherited)",
					"@executable_path/Frameworks",
				);
				MARKETING_VERSION = 1.0;
				PRODUCT_BUNDLE_IDENTIFIER = dev.aigonzalez.WhatsappC;
				PRODUCT_NAME = WhatsappC;
				SDKROOT = iphoneos;
				SWIFT_EMIT_LOC_STRINGS = YES;
				SWIFT_VERSION = 5.0;
				TARGETED_DEVICE_FAMILY = "1,2";
				VALIDATE_PRODUCT = YES;
			};
			name = Release;
		};
		14DFF79E28D7DF94006204A0 /* Debug */ = {
			isa = XCBuildConfiguration;
			buildSettings = {
				ASSETCATALOG_COMPILER_APPICON_NAME = AppIcon;
				ASSETCATALOG_COMPILER_GLOBAL_ACCENT_COLOR_NAME = AccentColor;
				CODE_SIGN_ENTITLEMENTS = macOS/macOS.entitlements;
				CODE_SIGN_STYLE = Automatic;
				COMBINE_HIDPI_IMAGES = YES;
				CURRENT_PROJECT_VERSION = 1;
				ENABLE_PREVIEWS = YES;
				GENERATE_INFOPLIST_FILE = YES;
				INFOPLIST_KEY_NSHumanReadableCopyright = "";
				LD_RUNPATH_SEARCH_PATHS = (
					"$(inherited)",
					"@executable_path/../Frameworks",
				);
				MACOSX_DEPLOYMENT_TARGET = 12.3;
				MARKETING_VERSION = 1.0;
				PRODUCT_BUNDLE_IDENTIFIER = dev.aigonzalez.WhatsappC;
				PRODUCT_NAME = WhatsappC;
				SDKROOT = macosx;
				SWIFT_EMIT_LOC_STRINGS = YES;
				SWIFT_VERSION = 5.0;
			};
			name = Debug;
		};
		14DFF79F28D7DF94006204A0 /* Release */ = {
			isa = XCBuildConfiguration;
			buildSettings = {
				ASSETCATALOG_COMPILER_APPICON_NAME = AppIcon;
				ASSETCATALOG_COMPILER_GLOBAL_ACCENT_COLOR_NAME = AccentColor;
				CODE_SIGN_ENTITLEMENTS = macOS/macOS.entitlements;
				CODE_SIGN_STYLE = Automatic;
				COMBINE_HIDPI_IMAGES = YES;
				CURRENT_PROJECT_VERSION = 1;
				ENABLE_PREVIEWS = YES;
				GENERATE_INFOPLIST_FILE = YES;
				INFOPLIST_KEY_NSHumanReadableCopyright = "";
				LD_RUNPATH_SEARCH_PATHS = (
					"$(inherited)",
					"@executable_path/../Frameworks",
				);
				MACOSX_DEPLOYMENT_TARGET = 12.3;
				MARKETING_VERSION = 1.0;
				PRODUCT_BUNDLE_IDENTIFIER = dev.aigonzalez.WhatsappC;
				PRODUCT_NAME = WhatsappC;
				SDKROOT = macosx;
				SWIFT_EMIT_LOC_STRINGS = YES;
				SWIFT_VERSION = 5.0;
			};
			name = Release;
		};
/* End XCBuildConfiguration section */

/* Begin XCConfigurationList section */
		14DFF78028D7DF92006204A0 /* Build configuration list for PBXProject "WhatsappC" */ = {
			isa = XCConfigurationList;
			buildConfigurations = (
				14DFF79828D7DF94006204A0 /* Debug */,
				14DFF79928D7DF94006204A0 /* Release */,
			);
			defaultConfigurationIsVisible = 0;
			defaultConfigurationName = Release;
		};
		14DFF79A28D7DF94006204A0 /* Build configuration list for PBXNativeTarget "WhatsappC (iOS)" */ = {
			isa = XCConfigurationList;
			buildConfigurations = (
				14DFF79B28D7DF94006204A0 /* Debug */,
				14DFF79C28D7DF94006204A0 /* Release */,
			);
			defaultConfigurationIsVisible = 0;
			defaultConfigurationName = Release;
		};
		14DFF79D28D7DF94006204A0 /* Build configuration list for PBXNativeTarget "WhatsappC (macOS)" */ = {
			isa = XCConfigurationList;
			buildConfigurations = (
				14DFF79E28D7DF94006204A0 /* Debug */,
				14DFF79F28D7DF94006204A0 /* Release */,
			);
			defaultConfigurationIsVisible = 0;
			defaultConfigurationName = Release;
		};
/* End XCConfigurationList section */

/* Begin XCRemoteSwiftPackageReference section */
		7E7A5CDD28F70D7600E207AF /* XCRemoteSwiftPackageReference "firebase-ios-sdk" */ = {
			isa = XCRemoteSwiftPackageReference;
			repositoryURL = "https://github.com/firebase/firebase-ios-sdk";
			requirement = {
				branch = master;
				kind = branch;
			};
		};
		7E7A5CE828F711A100E207AF /* XCRemoteSwiftPackageReference "Kingfisher" */ = {
			isa = XCRemoteSwiftPackageReference;
			repositoryURL = "https://github.com/onevcat/Kingfisher.git";
			requirement = {
				branch = master;
				kind = branch;
			};
		};
/* End XCRemoteSwiftPackageReference section */

/* Begin XCSwiftPackageProductDependency section */
		7E7A5CDE28F70D7600E207AF /* FirebaseAuth */ = {
			isa = XCSwiftPackageProductDependency;
			package = 7E7A5CDD28F70D7600E207AF /* XCRemoteSwiftPackageReference "firebase-ios-sdk" */;
			productName = FirebaseAuth;
		};
		7E7A5CE028F70D7600E207AF /* FirebaseFirestore */ = {
			isa = XCSwiftPackageProductDependency;
			package = 7E7A5CDD28F70D7600E207AF /* XCRemoteSwiftPackageReference "firebase-ios-sdk" */;
			productName = FirebaseFirestore;
		};
		7E7A5CE228F70D7600E207AF /* FirebaseFirestoreSwift */ = {
			isa = XCSwiftPackageProductDependency;
			package = 7E7A5CDD28F70D7600E207AF /* XCRemoteSwiftPackageReference "firebase-ios-sdk" */;
			productName = FirebaseFirestoreSwift;
		};
		7E7A5CE428F70D7600E207AF /* FirebaseFunctions */ = {
			isa = XCSwiftPackageProductDependency;
			package = 7E7A5CDD28F70D7600E207AF /* XCRemoteSwiftPackageReference "firebase-ios-sdk" */;
			productName = FirebaseFunctions;
		};
		7E7A5CE628F70D7600E207AF /* FirebaseStorage */ = {
			isa = XCSwiftPackageProductDependency;
			package = 7E7A5CDD28F70D7600E207AF /* XCRemoteSwiftPackageReference "firebase-ios-sdk" */;
			productName = FirebaseStorage;
		};
		7E7A5CE928F711A100E207AF /* Kingfisher */ = {
			isa = XCSwiftPackageProductDependency;
			package = 7E7A5CE828F711A100E207AF /* XCRemoteSwiftPackageReference "Kingfisher" */;
			productName = Kingfisher;
		};
/* End XCSwiftPackageProductDependency section */
	};
	rootObject = 14DFF77D28D7DF92006204A0 /* Project object */;
}
